
Microsoft Visual Studio Solution File, Format Version 12.00
# Visual Studio Version 17
VisualStudioVersion = 17.14.37111.16
MinimumVisualStudioVersion = 10.0.40219.1
Project("{2150E333-8FDC-42A3-9474-1A3956D46DE8}") = "src", "src", "{02EA681E-C7D8-13C7-8484-4AC65E1B71E8}"
EndProject
Project("{FAE04EC0-301F-11D3-BF4B-00C04F79EFBC}") = "ShelfManager.Api", "src\ShelfManager.Api\ShelfManager.Api.csproj", "{2BACE554-8BD0-4C27-9440-8AB68D099497}"
EndProject
Project("{2150E333-8FDC-42A3-9474-1A3956D46DE8}") = "core", "core", "{9960476F-3021-42EF-BECE-429F9E33747A}"
EndProject
Project("{FAE04EC0-301F-11D3-BF4B-00C04F79EFBC}") = "Core.Extensions", "src\core\Core.Extensions\Core.Extensions.csproj", "{E6255A3B-60D2-4342-985E-8CE362EC14B8}"
EndProject
Project("{FAE04EC0-301F-11D3-BF4B-00C04F79EFBC}") = "ShelfManager.Application", "src\ShelfManager.Application\ShelfManager.Application.csproj", "{CAB95459-37B5-4C57-A69C-E7D43CF73EC2}"
EndProject
Project("{FAE04EC0-301F-11D3-BF4B-00C04F79EFBC}") = "ShelfManager.Domain", "src\ShelfManager.Domain\ShelfManager.Domain.csproj", "{C1FCFD3B-CD7F-4670-90A9-32EFD585DE82}"
EndProject
Project("{FAE04EC0-301F-11D3-BF4B-00C04F79EFBC}") = "ShelfManager.Infrastructure", "src\ShelfManager.Infrastructure\ShelfManager.Infrastructure.csproj", "{FFCC5588-BFDE-40B3-BE1C-D68AA01635E8}"
EndProject
Project("{FAE04EC0-301F-11D3-BF4B-00C04F79EFBC}") = "ShelfManager.Persistence", "src\ShelfManager.Persistence\ShelfManager.Persistence.csproj", "{8872326B-9586-4861-B0F6-8BD0BB18D9CD}"
EndProject
Project("{FAE04EC0-301F-11D3-BF4B-00C04F79EFBC}") = "Core.Persistence", "src\core\Core.Persistence\Core.Persistence.csproj", "{3873D2F9-ABA8-474B-8196-F2D4C1C40212}"
EndProject
Project("{2150E333-8FDC-42A3-9474-1A3956D46DE8}") = "Tests", "Tests", "{A324A263-63D2-404A-A4D8-22CE0FE3B323}"
EndProject
Project("{FAE04EC0-301F-11D3-BF4B-00C04F79EFBC}") = "ShelfManager.Tests.Unit", "Tests\ShelfManager.Tests.Unit\ShelfManager.Tests.Unit.csproj", "{08E5C03C-D471-4049-A5D7-599533A06C2A}"
EndProject
Project("{FAE04EC0-301F-11D3-BF4B-00C04F79EFBC}") = "Core.Exception", "src\core\Core.Exception\Core.Exception.csproj", "{D7047AFC-4195-9228-DE86-FFDEA26DA2BB}"
EndProject
Global
	GlobalSection(SolutionConfigurationPlatforms) = preSolution
		Debug|Any CPU = Debug|Any CPU
		Release|Any CPU = Release|Any CPU
	EndGlobalSection
	GlobalSection(ProjectConfigurationPlatforms) = postSolution
		{2BACE554-8BD0-4C27-9440-8AB68D099497}.Debug|Any CPU.ActiveCfg = Debug|Any CPU
		{2BACE554-8BD0-4C27-9440-8AB68D099497}.Debug|Any CPU.Build.0 = Debug|Any CPU
		{2BACE554-8BD0-4C27-9440-8AB68D099497}.Release|Any CPU.ActiveCfg = Release|Any CPU
		{2BACE554-8BD0-4C27-9440-8AB68D099497}.Release|Any CPU.Build.0 = Release|Any CPU
		{E6255A3B-60D2-4342-985E-8CE362EC14B8}.Debug|Any CPU.ActiveCfg = Debug|Any CPU
		{E6255A3B-60D2-4342-985E-8CE362EC14B8}.Debug|Any CPU.Build.0 = Debug|Any CPU
		{E6255A3B-60D2-4342-985E-8CE362EC14B8}.Release|Any CPU.ActiveCfg = Release|Any CPU
		{E6255A3B-60D2-4342-985E-8CE362EC14B8}.Release|Any CPU.Build.0 = Release|Any CPU
		{CAB95459-37B5-4C57-A69C-E7D43CF73EC2}.Debug|Any CPU.ActiveCfg = Debug|Any CPU
		{CAB95459-37B5-4C57-A69C-E7D43CF73EC2}.Debug|Any CPU.Build.0 = Debug|Any CPU
		{CAB95459-37B5-4C57-A69C-E7D43CF73EC2}.Release|Any CPU.ActiveCfg = Release|Any CPU
		{CAB95459-37B5-4C57-A69C-E7D43CF73EC2}.Release|Any CPU.Build.0 = Release|Any CPU
		{C1FCFD3B-CD7F-4670-90A9-32EFD585DE82}.Debug|Any CPU.ActiveCfg = Debug|Any CPU
		{C1FCFD3B-CD7F-4670-90A9-32EFD585DE82}.Debug|Any CPU.Build.0 = Debug|Any CPU
		{C1FCFD3B-CD7F-4670-90A9-32EFD585DE82}.Release|Any CPU.ActiveCfg = Release|Any CPU
		{C1FCFD3B-CD7F-4670-90A9-32EFD585DE82}.Release|Any CPU.Build.0 = Release|Any CPU
		{FFCC5588-BFDE-40B3-BE1C-D68AA01635E8}.Debug|Any CPU.ActiveCfg = Debug|Any CPU
		{FFCC5588-BFDE-40B3-BE1C-D68AA01635E8}.Debug|Any CPU.Build.0 = Debug|Any CPU
		{FFCC5588-BFDE-40B3-BE1C-D68AA01635E8}.Release|Any CPU.ActiveCfg = Release|Any CPU
		{FFCC5588-BFDE-40B3-BE1C-D68AA01635E8}.Release|Any CPU.Build.0 = Release|Any CPU
		{8872326B-9586-4861-B0F6-8BD0BB18D9CD}.Debug|Any CPU.ActiveCfg = Debug|Any CPU
		{8872326B-9586-4861-B0F6-8BD0BB18D9CD}.Debug|Any CPU.Build.0 = Debug|Any CPU
		{8872326B-9586-4861-B0F6-8BD0BB18D9CD}.Release|Any CPU.ActiveCfg = Release|Any CPU
		{8872326B-9586-4861-B0F6-8BD0BB18D9CD}.Release|Any CPU.Build.0 = Release|Any CPU
		{3873D2F9-ABA8-474B-8196-F2D4C1C40212}.Debug|Any CPU.ActiveCfg = Debug|Any CPU
		{3873D2F9-ABA8-474B-8196-F2D4C1C40212}.Debug|Any CPU.Build.0 = Debug|Any CPU
		{3873D2F9-ABA8-474B-8196-F2D4C1C40212}.Release|Any CPU.ActiveCfg = Release|Any CPU
		{3873D2F9-ABA8-474B-8196-F2D4C1C40212}.Release|Any CPU.Build.0 = Release|Any CPU
		{08E5C03C-D471-4049-A5D7-599533A06C2A}.Debug|Any CPU.ActiveCfg = Debug|Any CPU
		{08E5C03C-D471-4049-A5D7-599533A06C2A}.Debug|Any CPU.Build.0 = Debug|Any CPU
		{08E5C03C-D471-4049-A5D7-599533A06C2A}.Release|Any CPU.ActiveCfg = Release|Any CPU
		{08E5C03C-D471-4049-A5D7-599533A06C2A}.Release|Any CPU.Build.0 = Release|Any CPU
		{D7047AFC-4195-9228-DE86-FFDEA26DA2BB}.Debug|Any CPU.ActiveCfg = Debug|Any CPU
		{D7047AFC-4195-9228-DE86-FFDEA26DA2BB}.Debug|Any CPU.Build.0 = Debug|Any CPU
		{D7047AFC-4195-9228-DE86-FFDEA26DA2BB}.Release|Any CPU.ActiveCfg = Release|Any CPU
		{D7047AFC-4195-9228-DE86-FFDEA26DA2BB}.Release|Any CPU.Build.0 = Release|Any CPU
	EndGlobalSection
	GlobalSection(SolutionProperties) = preSolution
		HideSolutionNode = FALSE
	EndGlobalSection
	GlobalSection(NestedProjects) = preSolution
		{2BACE554-8BD0-4C27-9440-8AB68D099497} = {02EA681E-C7D8-13C7-8484-4AC65E1B71E8}
		{9960476F-3021-42EF-BECE-429F9E33747A} = {02EA681E-C7D8-13C7-8484-4AC65E1B71E8}
		{E6255A3B-60D2-4342-985E-8CE362EC14B8} = {9960476F-3021-42EF-BECE-429F9E33747A}
		{CAB95459-37B5-4C57-A69C-E7D43CF73EC2} = {02EA681E-C7D8-13C7-8484-4AC65E1B71E8}
		{C1FCFD3B-CD7F-4670-90A9-32EFD585DE82} = {02EA681E-C7D8-13C7-8484-4AC65E1B71E8}
		{FFCC5588-BFDE-40B3-BE1C-D68AA01635E8} = {02EA681E-C7D8-13C7-8484-4AC65E1B71E8}
		{8872326B-9586-4861-B0F6-8BD0BB18D9CD} = {02EA681E-C7D8-13C7-8484-4AC65E1B71E8}
		{3873D2F9-ABA8-474B-8196-F2D4C1C40212} = {9960476F-3021-42EF-BECE-429F9E33747A}
		{08E5C03C-D471-4049-A5D7-599533A06C2A} = {A324A263-63D2-404A-A4D8-22CE0FE3B323}
		{D7047AFC-4195-9228-DE86-FFDEA26DA2BB} = {9960476F-3021-42EF-BECE-429F9E33747A}
	EndGlobalSection
	GlobalSection(ExtensibilityGlobals) = postSolution
		SolutionGuid = {BEE49987-934B-42A8-9EBE-5CF7DB4D76E0}
	EndGlobalSection
EndGlobal
