Microsoft Visual Studio Solution File, Format Version 12.00
# Visual Studio Version 17
VisualStudioVersion = 17.5.2.0
MinimumVisualStudioVersion = 10.0.40219.1
Project("{FAE04EC0-301F-11D3-BF4B-00C04F79EFBC}") = "ShelfManager.Api", "ShelfManager.Api\ShelfManager.Api.csproj", "{6154BE84-CD19-B099-03A1-5C651BD0CD41}"
EndProject
Project("{FAE04EC0-301F-11D3-BF4B-00C04F79EFBC}") = "ShelfManager.Application", "ShelfManager.Application\ShelfManager.Application.csproj", "{9264D8D3-282B-C998-8670-46365AD41056}"
EndProject
Project("{FAE04EC0-301F-11D3-BF4B-00C04F79EFBC}") = "ShelfManager.Domain", "ShelfManager.Domain\ShelfManager.Domain.csproj", "{D7B920AB-E599-8B48-D5CE-F34EF7EEEB20}"
EndProject
Project("{FAE04EC0-301F-11D3-BF4B-00C04F79EFBC}") = "ShelfManager.Infrastructure", "ShelfManager.Infrastructure\ShelfManager.Infrastructure.csproj", "{D9CCA784-9984-7803-8B13-96CFF58CD5B5}"
EndProject
Project("{FAE04EC0-301F-11D3-BF4B-00C04F79EFBC}") = "ShelfManager.Persistence", "ShelfManager.Persistence\ShelfManager.Persistence.csproj", "{2170D138-53D7-255C-83D5-17E013EE817E}"
EndProject
Project("{2150E333-8FDC-42A3-9474-1A3956D46DE8}") = "core", "core", "{FBF56CC3-7AE6-AD2D-3F14-7F97FD322CD6}"
EndProject
Project("{FAE04EC0-301F-11D3-BF4B-00C04F79EFBC}") = "Core.Extensions", "core\Core.Extensions\Core.Extensions.csproj", "{46DF9A56-6934-F990-CFDD-CF94B2693311}"
EndProject
Global
	GlobalSection(SolutionConfigurationPlatforms) = preSolution
		Debug|Any CPU = Debug|Any CPU
		Release|Any CPU = Release|Any CPU
	EndGlobalSection
	GlobalSection(ProjectConfigurationPlatforms) = postSolution
		{6154BE84-CD19-B099-03A1-5C651BD0CD41}.Debug|Any CPU.ActiveCfg = Debug|Any CPU
		{6154BE84-CD19-B099-03A1-5C651BD0CD41}.Debug|Any CPU.Build.0 = Debug|Any CPU
		{6154BE84-CD19-B099-03A1-5C651BD0CD41}.Release|Any CPU.ActiveCfg = Release|Any CPU
		{6154BE84-CD19-B099-03A1-5C651BD0CD41}.Release|Any CPU.Build.0 = Release|Any CPU
		{9264D8D3-282B-C998-8670-46365AD41056}.Debug|Any CPU.ActiveCfg = Debug|Any CPU
		{9264D8D3-282B-C998-8670-46365AD41056}.Debug|Any CPU.Build.0 = Debug|Any CPU
		{9264D8D3-282B-C998-8670-46365AD41056}.Release|Any CPU.ActiveCfg = Release|Any CPU
		{9264D8D3-282B-C998-8670-46365AD41056}.Release|Any CPU.Build.0 = Release|Any CPU
		{D7B920AB-E599-8B48-D5CE-F34EF7EEEB20}.Debug|Any CPU.ActiveCfg = Debug|Any CPU
		{D7B920AB-E599-8B48-D5CE-F34EF7EEEB20}.Debug|Any CPU.Build.0 = Debug|Any CPU
		{D7B920AB-E599-8B48-D5CE-F34EF7EEEB20}.Release|Any CPU.ActiveCfg = Release|Any CPU
		{D7B920AB-E599-8B48-D5CE-F34EF7EEEB20}.Release|Any CPU.Build.0 = Release|Any CPU
		{D9CCA784-9984-7803-8B13-96CFF58CD5B5}.Debug|Any CPU.ActiveCfg = Debug|Any CPU
		{D9CCA784-9984-7803-8B13-96CFF58CD5B5}.Debug|Any CPU.Build.0 = Debug|Any CPU
		{D9CCA784-9984-7803-8B13-96CFF58CD5B5}.Release|Any CPU.ActiveCfg = Release|Any CPU
		{D9CCA784-9984-7803-8B13-96CFF58CD5B5}.Release|Any CPU.Build.0 = Release|Any CPU
		{2170D138-53D7-255C-83D5-17E013EE817E}.Debug|Any CPU.ActiveCfg = Debug|Any CPU
		{2170D138-53D7-255C-83D5-17E013EE817E}.Debug|Any CPU.Build.0 = Debug|Any CPU
		{2170D138-53D7-255C-83D5-17E013EE817E}.Release|Any CPU.ActiveCfg = Release|Any CPU
		{2170D138-53D7-255C-83D5-17E013EE817E}.Release|Any CPU.Build.0 = Release|Any CPU
		{46DF9A56-6934-F990-CFDD-CF94B2693311}.Debug|Any CPU.ActiveCfg = Debug|Any CPU
		{46DF9A56-6934-F990-CFDD-CF94B2693311}.Debug|Any CPU.Build.0 = Debug|Any CPU
		{46DF9A56-6934-F990-CFDD-CF94B2693311}.Release|Any CPU.ActiveCfg = Release|Any CPU
		{46DF9A56-6934-F990-CFDD-CF94B2693311}.Release|Any CPU.Build.0 = Release|Any CPU
	EndGlobalSection
	GlobalSection(SolutionProperties) = preSolution
		HideSolutionNode = FALSE
	EndGlobalSection
	GlobalSection(NestedProjects) = preSolution
		{46DF9A56-6934-F990-CFDD-CF94B2693311} = {FBF56CC3-7AE6-AD2D-3F14-7F97FD322CD6}
	EndGlobalSection
	GlobalSection(ExtensibilityGlobals) = postSolution
		SolutionGuid = {13246924-C7B8-4532-8339-41C9D1D09F29}
	EndGlobalSection
EndGlobal
